
Microsoft Visual Studio Solution File, Format Version 12.00
# Visual Studio Version 17
VisualStudioVersion = 17.5.33530.505
MinimumVisualStudioVersion = 10.0.40219.1
Project("{FAE04EC0-301F-11D3-BF4B-00C04F79EFBC}") = "sigma-graphcs", "sigma-graphcs.csproj", "{BD813320-DDD8-45E4-A5DC-123DBAA54872}"
EndProject
Global
	GlobalSection(SolutionConfigurationPlatforms) = preSolution
		Debug|Any CPU = Debug|Any CPU
		Release|Any CPU = Release|Any CPU
	EndGlobalSection
	GlobalSection(ProjectConfigurationPlatforms) = postSolution
		{BD813320-DDD8-45E4-A5DC-123DBAA54872}.Debug|Any CPU.ActiveCfg = Debug|Any CPU
		{BD813320-DDD8-45E4-A5DC-123DBAA54872}.Debug|Any CPU.Build.0 = Debug|Any CPU
		{BD813320-DDD8-45E4-A5DC-123DBAA54872}.Release|Any CPU.ActiveCfg = Release|Any CPU
		{BD813320-DDD8-45E4-A5DC-123DBAA54872}.Release|Any CPU.Build.0 = Release|Any CPU
	EndGlobalSection
	GlobalSection(SolutionProperties) = preSolution
		HideSolutionNode = FALSE
	EndGlobalSection
	GlobalSection(ExtensibilityGlobals) = postSolution
		SolutionGuid = {5B4A2F6E-1F63-4E32-9EB8-37A3E5E6092B}
	EndGlobalSection
EndGlobal
